// !$*UTF8*$!
{
	archiveVersion = 1;
	classes = {
	};
	objectVersion = 48;
	objects = {

/* Begin PBXBuildFile section */
		4003B3A71FE3625E00BF682F /* String+.swift in Sources */ = {isa = PBXBuildFile; fileRef = 4003B3A61FE3625E00BF682F /* String+.swift */; };
		4003B3A91FE368C300BF682F /* MDCTextInputControllerDefault+.swift in Sources */ = {isa = PBXBuildFile; fileRef = 4003B3A81FE368C300BF682F /* MDCTextInputControllerDefault+.swift */; };
		400FC2161F897BA200B3098B /* FreshPlan.swift in Sources */ = {isa = PBXBuildFile; fileRef = 400FC2151F897BA200B3098B /* FreshPlan.swift */; };
		40426D091F86B85500875179 /* LoginViewController.swift in Sources */ = {isa = PBXBuildFile; fileRef = 40426D081F86B85500875179 /* LoginViewController.swift */; };
		40426D0B1F86B85E00875179 /* LoginViewModel.swift in Sources */ = {isa = PBXBuildFile; fileRef = 40426D0A1F86B85E00875179 /* LoginViewModel.swift */; };
		40426D0D1F86B86800875179 /* LoginAssembler.swift in Sources */ = {isa = PBXBuildFile; fileRef = 40426D0C1F86B86800875179 /* LoginAssembler.swift */; };
		40426D151F86BC9C00875179 /* RouterProtocol.swift in Sources */ = {isa = PBXBuildFile; fileRef = 40426D141F86BC9C00875179 /* RouterProtocol.swift */; };
		40426D1A1F86C12600875179 /* LoginRouter.swift in Sources */ = {isa = PBXBuildFile; fileRef = 40426D191F86C12600875179 /* LoginRouter.swift */; };
		40497D1F1F8CF3A500A4E046 /* UIColor+.swift in Sources */ = {isa = PBXBuildFile; fileRef = 40497D1E1F8CF3A500A4E046 /* UIColor+.swift */; };
		4055B0BA1FD079FE007C5CCC /* ProfileUserHeaderView.swift in Sources */ = {isa = PBXBuildFile; fileRef = 4055B0B91FD079FE007C5CCC /* ProfileUserHeaderView.swift */; };
		4056A4EC1FD4B70B006415A7 /* AddFriendViewController.swift in Sources */ = {isa = PBXBuildFile; fileRef = 4056A4EB1FD4B70B006415A7 /* AddFriendViewController.swift */; };
		4056A4EE1FD4B7FE006415A7 /* AddFriendViewModel.swift in Sources */ = {isa = PBXBuildFile; fileRef = 4056A4ED1FD4B7FE006415A7 /* AddFriendViewModel.swift */; };
		4056A4F01FD4B988006415A7 /* AddFriendAssembler.swift in Sources */ = {isa = PBXBuildFile; fileRef = 4056A4EF1FD4B988006415A7 /* AddFriendAssembler.swift */; };
		4056A4F31FD4BDB4006415A7 /* EmptyView.swift in Sources */ = {isa = PBXBuildFile; fileRef = 4056A4F21FD4BDB4006415A7 /* EmptyView.swift */; };
		4056A4F51FD4C2DD006415A7 /* SearchBar.swift in Sources */ = {isa = PBXBuildFile; fileRef = 4056A4F41FD4C2DD006415A7 /* SearchBar.swift */; };
		405C5A981F8D94E700AC8F9F /* HomeViewController.swift in Sources */ = {isa = PBXBuildFile; fileRef = 405C5A971F8D94E700AC8F9F /* HomeViewController.swift */; };
		405C5A9A1F8D94FA00AC8F9F /* HomeAssembler.swift in Sources */ = {isa = PBXBuildFile; fileRef = 405C5A991F8D94FA00AC8F9F /* HomeAssembler.swift */; };
		405C5A9C1F8D950500AC8F9F /* HomeViewModel.swift in Sources */ = {isa = PBXBuildFile; fileRef = 405C5A9B1F8D950500AC8F9F /* HomeViewModel.swift */; };
		405C5A9E1F8D953500AC8F9F /* HomeRouter.swift in Sources */ = {isa = PBXBuildFile; fileRef = 405C5A9D1F8D953500AC8F9F /* HomeRouter.swift */; };
		4071F8F71FDB00F3001B77A1 /* FriendViewController.swift in Sources */ = {isa = PBXBuildFile; fileRef = 4071F8F61FDB00F3001B77A1 /* FriendViewController.swift */; };
		4071F8F91FDB0143001B77A1 /* FriendViewModel.swift in Sources */ = {isa = PBXBuildFile; fileRef = 4071F8F81FDB0143001B77A1 /* FriendViewModel.swift */; };
		4071F94D1FDCAF430061C34E /* FriendProfileCell.swift in Sources */ = {isa = PBXBuildFile; fileRef = 4071F94C1FDCAF430061C34E /* FriendProfileCell.swift */; };
		4071F94F1FDCB14D0061C34E /* FriendInfoCell.swift in Sources */ = {isa = PBXBuildFile; fileRef = 4071F94E1FDCB14D0061C34E /* FriendInfoCell.swift */; };
		4079B14A1FC47407007E9407 /* Token+.swift in Sources */ = {isa = PBXBuildFile; fileRef = 4079B1491FC47407007E9407 /* Token+.swift */; };
		4079B14C1FC475E9007E9407 /* UITableView+.swift in Sources */ = {isa = PBXBuildFile; fileRef = 4079B14B1FC475E9007E9407 /* UITableView+.swift */; };
		4079B14E1FC4763B007E9407 /* UILabel+.swift in Sources */ = {isa = PBXBuildFile; fileRef = 4079B14D1FC4763B007E9407 /* UILabel+.swift */; };
		4079B1511FC4785F007E9407 /* ProfileUserHeaderCell.swift in Sources */ = {isa = PBXBuildFile; fileRef = 4079B1501FC4785F007E9407 /* ProfileUserHeaderCell.swift */; };
		4079B1541FC47E86007E9407 /* CacheStore.swift in Sources */ = {isa = PBXBuildFile; fileRef = 4079B1531FC47E86007E9407 /* CacheStore.swift */; };
		4079B1561FC49367007E9407 /* ProfileUserInfoCell.swift in Sources */ = {isa = PBXBuildFile; fileRef = 4079B1551FC49367007E9407 /* ProfileUserInfoCell.swift */; };
		408D082E1F8D267A006BCA8E /* RegisterViewController.swift in Sources */ = {isa = PBXBuildFile; fileRef = 408D082D1F8D267A006BCA8E /* RegisterViewController.swift */; };
		408D08301F8D2716006BCA8E /* RegisterRouter.swift in Sources */ = {isa = PBXBuildFile; fileRef = 408D082F1F8D2716006BCA8E /* RegisterRouter.swift */; };
		408D08321F8D271F006BCA8E /* RegisterViewModel.swift in Sources */ = {isa = PBXBuildFile; fileRef = 408D08311F8D271F006BCA8E /* RegisterViewModel.swift */; };
		408D08341F8D274A006BCA8E /* RegisterAssembler.swift in Sources */ = {isa = PBXBuildFile; fileRef = 408D08331F8D274A006BCA8E /* RegisterAssembler.swift */; };
		408D08371F8D2818006BCA8E /* VerifyViewController.swift in Sources */ = {isa = PBXBuildFile; fileRef = 408D08361F8D2818006BCA8E /* VerifyViewController.swift */; };
		408D08391F8D285E006BCA8E /* VerifyAssembler.swift in Sources */ = {isa = PBXBuildFile; fileRef = 408D08381F8D285E006BCA8E /* VerifyAssembler.swift */; };
		408D083B1F8D2865006BCA8E /* VerifyRouter.swift in Sources */ = {isa = PBXBuildFile; fileRef = 408D083A1F8D2865006BCA8E /* VerifyRouter.swift */; };
		408D083D1F8D286D006BCA8E /* VerifyViewModel.swift in Sources */ = {isa = PBXBuildFile; fileRef = 408D083C1F8D286D006BCA8E /* VerifyViewModel.swift */; };
		409A55351F86B0D200EB29A4 /* AppDelegate.swift in Sources */ = {isa = PBXBuildFile; fileRef = 409A55341F86B0D200EB29A4 /* AppDelegate.swift */; };
		409A553C1F86B0D200EB29A4 /* Assets.xcassets in Resources */ = {isa = PBXBuildFile; fileRef = 409A553B1F86B0D200EB29A4 /* Assets.xcassets */; };
		409A553F1F86B0D200EB29A4 /* LaunchScreen.storyboard in Resources */ = {isa = PBXBuildFile; fileRef = 409A553D1F86B0D200EB29A4 /* LaunchScreen.storyboard */; };
		409B2BEF1FBE6192000A7F16 /* ProfileViewController.swift in Sources */ = {isa = PBXBuildFile; fileRef = 409B2BEE1FBE6192000A7F16 /* ProfileViewController.swift */; };
		409B2BF11FBE619B000A7F16 /* ProfileViewModel.swift in Sources */ = {isa = PBXBuildFile; fileRef = 409B2BF01FBE619B000A7F16 /* ProfileViewModel.swift */; };
		409B2BF31FBE61F5000A7F16 /* ProfileRouter.swift in Sources */ = {isa = PBXBuildFile; fileRef = 409B2BF21FBE61F5000A7F16 /* ProfileRouter.swift */; };
		409B2BF51FBE6234000A7F16 /* ProfileAssembler.swift in Sources */ = {isa = PBXBuildFile; fileRef = 409B2BF41FBE6234000A7F16 /* ProfileAssembler.swift */; };
		409B2BF81FBE64F9000A7F16 /* User.swift in Sources */ = {isa = PBXBuildFile; fileRef = 409B2BF71FBE64F9000A7F16 /* User.swift */; };
		409B2BFA1FBE65AF000A7F16 /* Friend.swift in Sources */ = {isa = PBXBuildFile; fileRef = 409B2BF91FBE65AF000A7F16 /* Friend.swift */; };
		40A311361F9EF503000FAFEB /* Token.swift in Sources */ = {isa = PBXBuildFile; fileRef = 40A311351F9EF503000FAFEB /* Token.swift */; };
		40BD70101F910F53005B3B9D /* MeetupController.swift in Sources */ = {isa = PBXBuildFile; fileRef = 40BD700F1F910F53005B3B9D /* MeetupController.swift */; };
		40BD70121F910FD6005B3B9D /* MeetupViewModel.swift in Sources */ = {isa = PBXBuildFile; fileRef = 40BD70111F910FD6005B3B9D /* MeetupViewModel.swift */; };
		40BD70141F910FFA005B3B9D /* MeetupRouter.swift in Sources */ = {isa = PBXBuildFile; fileRef = 40BD70131F910FFA005B3B9D /* MeetupRouter.swift */; };
		40BD70161F911022005B3B9D /* MeetupAssembler.swift in Sources */ = {isa = PBXBuildFile; fileRef = 40BD70151F911022005B3B9D /* MeetupAssembler.swift */; };
		40BE77901F9ED2310011C899 /* ResponseError.swift in Sources */ = {isa = PBXBuildFile; fileRef = 40BE778F1F9ED2310011C899 /* ResponseError.swift */; };
		40BF713D1FDC623200495B81 /* FriendCell.swift in Sources */ = {isa = PBXBuildFile; fileRef = 40BF713C1FDC623200495B81 /* FriendCell.swift */; };
		40BF713F1FDC73DC00495B81 /* AddFriendRouter.swift in Sources */ = {isa = PBXBuildFile; fileRef = 40BF713E1FDC73DC00495B81 /* AddFriendRouter.swift */; };
		40BF71411FDC750400495B81 /* FriendAssembler.swift in Sources */ = {isa = PBXBuildFile; fileRef = 40BF71401FDC750400495B81 /* FriendAssembler.swift */; };
		40C429021FC3D08C004579A6 /* JSONDecoder+.swift in Sources */ = {isa = PBXBuildFile; fileRef = 40C429011FC3D08C004579A6 /* JSONDecoder+.swift */; };
		7BED1FB6487CD40A991B8614 /* Pods_FreshPlan.framework in Frameworks */ = {isa = PBXBuildFile; fileRef = 66A7C6AA0E7580B232CBDCD6 /* Pods_FreshPlan.framework */; };
/* End PBXBuildFile section */

/* Begin PBXFileReference section */
		4003B3A61FE3625E00BF682F /* String+.swift */ = {isa = PBXFileReference; lastKnownFileType = sourcecode.swift; path = "String+.swift"; sourceTree = "<group>"; };
		4003B3A81FE368C300BF682F /* MDCTextInputControllerDefault+.swift */ = {isa = PBXFileReference; lastKnownFileType = sourcecode.swift; path = "MDCTextInputControllerDefault+.swift"; sourceTree = "<group>"; };
		400FC2151F897BA200B3098B /* FreshPlan.swift */ = {isa = PBXFileReference; lastKnownFileType = sourcecode.swift; path = FreshPlan.swift; sourceTree = "<group>"; };
		40426D081F86B85500875179 /* LoginViewController.swift */ = {isa = PBXFileReference; lastKnownFileType = sourcecode.swift; path = LoginViewController.swift; sourceTree = "<group>"; };
		40426D0A1F86B85E00875179 /* LoginViewModel.swift */ = {isa = PBXFileReference; lastKnownFileType = sourcecode.swift; path = LoginViewModel.swift; sourceTree = "<group>"; };
		40426D0C1F86B86800875179 /* LoginAssembler.swift */ = {isa = PBXFileReference; lastKnownFileType = sourcecode.swift; path = LoginAssembler.swift; sourceTree = "<group>"; };
		40426D141F86BC9C00875179 /* RouterProtocol.swift */ = {isa = PBXFileReference; lastKnownFileType = sourcecode.swift; path = RouterProtocol.swift; sourceTree = "<group>"; };
		40426D191F86C12600875179 /* LoginRouter.swift */ = {isa = PBXFileReference; lastKnownFileType = sourcecode.swift; path = LoginRouter.swift; sourceTree = "<group>"; };
		40497D1E1F8CF3A500A4E046 /* UIColor+.swift */ = {isa = PBXFileReference; lastKnownFileType = sourcecode.swift; path = "UIColor+.swift"; sourceTree = "<group>"; };
		4055B0B91FD079FE007C5CCC /* ProfileUserHeaderView.swift */ = {isa = PBXFileReference; lastKnownFileType = sourcecode.swift; path = ProfileUserHeaderView.swift; sourceTree = "<group>"; };
		4056A4EB1FD4B70B006415A7 /* AddFriendViewController.swift */ = {isa = PBXFileReference; lastKnownFileType = sourcecode.swift; path = AddFriendViewController.swift; sourceTree = "<group>"; };
		4056A4ED1FD4B7FE006415A7 /* AddFriendViewModel.swift */ = {isa = PBXFileReference; lastKnownFileType = sourcecode.swift; path = AddFriendViewModel.swift; sourceTree = "<group>"; };
		4056A4EF1FD4B988006415A7 /* AddFriendAssembler.swift */ = {isa = PBXFileReference; lastKnownFileType = sourcecode.swift; path = AddFriendAssembler.swift; sourceTree = "<group>"; };
		4056A4F21FD4BDB4006415A7 /* EmptyView.swift */ = {isa = PBXFileReference; lastKnownFileType = sourcecode.swift; path = EmptyView.swift; sourceTree = "<group>"; };
		4056A4F41FD4C2DD006415A7 /* SearchBar.swift */ = {isa = PBXFileReference; lastKnownFileType = sourcecode.swift; path = SearchBar.swift; sourceTree = "<group>"; };
		405C5A971F8D94E700AC8F9F /* HomeViewController.swift */ = {isa = PBXFileReference; lastKnownFileType = sourcecode.swift; path = HomeViewController.swift; sourceTree = "<group>"; };
		405C5A991F8D94FA00AC8F9F /* HomeAssembler.swift */ = {isa = PBXFileReference; lastKnownFileType = sourcecode.swift; path = HomeAssembler.swift; sourceTree = "<group>"; };
		405C5A9B1F8D950500AC8F9F /* HomeViewModel.swift */ = {isa = PBXFileReference; lastKnownFileType = sourcecode.swift; path = HomeViewModel.swift; sourceTree = "<group>"; };
		405C5A9D1F8D953500AC8F9F /* HomeRouter.swift */ = {isa = PBXFileReference; lastKnownFileType = sourcecode.swift; path = HomeRouter.swift; sourceTree = "<group>"; };
		4071F8F61FDB00F3001B77A1 /* FriendViewController.swift */ = {isa = PBXFileReference; lastKnownFileType = sourcecode.swift; path = FriendViewController.swift; sourceTree = "<group>"; };
		4071F8F81FDB0143001B77A1 /* FriendViewModel.swift */ = {isa = PBXFileReference; lastKnownFileType = sourcecode.swift; path = FriendViewModel.swift; sourceTree = "<group>"; };
		4071F94C1FDCAF430061C34E /* FriendProfileCell.swift */ = {isa = PBXFileReference; lastKnownFileType = sourcecode.swift; path = FriendProfileCell.swift; sourceTree = "<group>"; };
		4071F94E1FDCB14D0061C34E /* FriendInfoCell.swift */ = {isa = PBXFileReference; lastKnownFileType = sourcecode.swift; path = FriendInfoCell.swift; sourceTree = "<group>"; };
		4079B1491FC47407007E9407 /* Token+.swift */ = {isa = PBXFileReference; lastKnownFileType = sourcecode.swift; path = "Token+.swift"; sourceTree = "<group>"; };
		4079B14B1FC475E9007E9407 /* UITableView+.swift */ = {isa = PBXFileReference; lastKnownFileType = sourcecode.swift; path = "UITableView+.swift"; sourceTree = "<group>"; };
		4079B14D1FC4763B007E9407 /* UILabel+.swift */ = {isa = PBXFileReference; lastKnownFileType = sourcecode.swift; path = "UILabel+.swift"; sourceTree = "<group>"; };
		4079B1501FC4785F007E9407 /* ProfileUserHeaderCell.swift */ = {isa = PBXFileReference; lastKnownFileType = sourcecode.swift; path = ProfileUserHeaderCell.swift; sourceTree = "<group>"; };
		4079B1531FC47E86007E9407 /* CacheStore.swift */ = {isa = PBXFileReference; lastKnownFileType = sourcecode.swift; path = CacheStore.swift; sourceTree = "<group>"; };
		4079B1551FC49367007E9407 /* ProfileUserInfoCell.swift */ = {isa = PBXFileReference; lastKnownFileType = sourcecode.swift; path = ProfileUserInfoCell.swift; sourceTree = "<group>"; };
		408D082D1F8D267A006BCA8E /* RegisterViewController.swift */ = {isa = PBXFileReference; lastKnownFileType = sourcecode.swift; path = RegisterViewController.swift; sourceTree = "<group>"; };
		408D082F1F8D2716006BCA8E /* RegisterRouter.swift */ = {isa = PBXFileReference; lastKnownFileType = sourcecode.swift; path = RegisterRouter.swift; sourceTree = "<group>"; };
		408D08311F8D271F006BCA8E /* RegisterViewModel.swift */ = {isa = PBXFileReference; lastKnownFileType = sourcecode.swift; path = RegisterViewModel.swift; sourceTree = "<group>"; };
		408D08331F8D274A006BCA8E /* RegisterAssembler.swift */ = {isa = PBXFileReference; lastKnownFileType = sourcecode.swift; path = RegisterAssembler.swift; sourceTree = "<group>"; };
		408D08361F8D2818006BCA8E /* VerifyViewController.swift */ = {isa = PBXFileReference; lastKnownFileType = sourcecode.swift; path = VerifyViewController.swift; sourceTree = "<group>"; };
		408D08381F8D285E006BCA8E /* VerifyAssembler.swift */ = {isa = PBXFileReference; lastKnownFileType = sourcecode.swift; path = VerifyAssembler.swift; sourceTree = "<group>"; };
		408D083A1F8D2865006BCA8E /* VerifyRouter.swift */ = {isa = PBXFileReference; lastKnownFileType = sourcecode.swift; path = VerifyRouter.swift; sourceTree = "<group>"; };
		408D083C1F8D286D006BCA8E /* VerifyViewModel.swift */ = {isa = PBXFileReference; lastKnownFileType = sourcecode.swift; path = VerifyViewModel.swift; sourceTree = "<group>"; };
		409A55311F86B0D200EB29A4 /* FreshPlan.app */ = {isa = PBXFileReference; explicitFileType = wrapper.application; includeInIndex = 0; path = FreshPlan.app; sourceTree = BUILT_PRODUCTS_DIR; };
		409A55341F86B0D200EB29A4 /* AppDelegate.swift */ = {isa = PBXFileReference; lastKnownFileType = sourcecode.swift; path = AppDelegate.swift; sourceTree = "<group>"; };
		409A553B1F86B0D200EB29A4 /* Assets.xcassets */ = {isa = PBXFileReference; lastKnownFileType = folder.assetcatalog; path = Assets.xcassets; sourceTree = "<group>"; };
		409A553E1F86B0D200EB29A4 /* Base */ = {isa = PBXFileReference; lastKnownFileType = file.storyboard; name = Base; path = Base.lproj/LaunchScreen.storyboard; sourceTree = "<group>"; };
		409A55401F86B0D200EB29A4 /* Info.plist */ = {isa = PBXFileReference; lastKnownFileType = text.plist.xml; path = Info.plist; sourceTree = "<group>"; };
		409B2BEE1FBE6192000A7F16 /* ProfileViewController.swift */ = {isa = PBXFileReference; lastKnownFileType = sourcecode.swift; path = ProfileViewController.swift; sourceTree = "<group>"; };
		409B2BF01FBE619B000A7F16 /* ProfileViewModel.swift */ = {isa = PBXFileReference; lastKnownFileType = sourcecode.swift; path = ProfileViewModel.swift; sourceTree = "<group>"; };
		409B2BF21FBE61F5000A7F16 /* ProfileRouter.swift */ = {isa = PBXFileReference; lastKnownFileType = sourcecode.swift; path = ProfileRouter.swift; sourceTree = "<group>"; };
		409B2BF41FBE6234000A7F16 /* ProfileAssembler.swift */ = {isa = PBXFileReference; lastKnownFileType = sourcecode.swift; path = ProfileAssembler.swift; sourceTree = "<group>"; };
		409B2BF71FBE64F9000A7F16 /* User.swift */ = {isa = PBXFileReference; lastKnownFileType = sourcecode.swift; path = User.swift; sourceTree = "<group>"; };
		409B2BF91FBE65AF000A7F16 /* Friend.swift */ = {isa = PBXFileReference; lastKnownFileType = sourcecode.swift; path = Friend.swift; sourceTree = "<group>"; };
		40A311351F9EF503000FAFEB /* Token.swift */ = {isa = PBXFileReference; lastKnownFileType = sourcecode.swift; path = Token.swift; sourceTree = "<group>"; };
		40BD700F1F910F53005B3B9D /* MeetupController.swift */ = {isa = PBXFileReference; lastKnownFileType = sourcecode.swift; path = MeetupController.swift; sourceTree = "<group>"; };
		40BD70111F910FD6005B3B9D /* MeetupViewModel.swift */ = {isa = PBXFileReference; lastKnownFileType = sourcecode.swift; path = MeetupViewModel.swift; sourceTree = "<group>"; };
		40BD70131F910FFA005B3B9D /* MeetupRouter.swift */ = {isa = PBXFileReference; lastKnownFileType = sourcecode.swift; path = MeetupRouter.swift; sourceTree = "<group>"; };
		40BD70151F911022005B3B9D /* MeetupAssembler.swift */ = {isa = PBXFileReference; lastKnownFileType = sourcecode.swift; path = MeetupAssembler.swift; sourceTree = "<group>"; };
		40BE778F1F9ED2310011C899 /* ResponseError.swift */ = {isa = PBXFileReference; lastKnownFileType = sourcecode.swift; path = ResponseError.swift; sourceTree = "<group>"; };
		40BF713C1FDC623200495B81 /* FriendCell.swift */ = {isa = PBXFileReference; lastKnownFileType = sourcecode.swift; path = FriendCell.swift; sourceTree = "<group>"; };
		40BF713E1FDC73DC00495B81 /* AddFriendRouter.swift */ = {isa = PBXFileReference; lastKnownFileType = sourcecode.swift; path = AddFriendRouter.swift; sourceTree = "<group>"; };
		40BF71401FDC750400495B81 /* FriendAssembler.swift */ = {isa = PBXFileReference; lastKnownFileType = sourcecode.swift; path = FriendAssembler.swift; sourceTree = "<group>"; };
		40C429011FC3D08C004579A6 /* JSONDecoder+.swift */ = {isa = PBXFileReference; lastKnownFileType = sourcecode.swift; path = "JSONDecoder+.swift"; sourceTree = "<group>"; };
		66A7C6AA0E7580B232CBDCD6 /* Pods_FreshPlan.framework */ = {isa = PBXFileReference; explicitFileType = wrapper.framework; includeInIndex = 0; path = Pods_FreshPlan.framework; sourceTree = BUILT_PRODUCTS_DIR; };
		961AF7C9502FB2E5362945B5 /* Pods-FreshPlan.release.xcconfig */ = {isa = PBXFileReference; includeInIndex = 1; lastKnownFileType = text.xcconfig; name = "Pods-FreshPlan.release.xcconfig"; path = "Pods/Target Support Files/Pods-FreshPlan/Pods-FreshPlan.release.xcconfig"; sourceTree = "<group>"; };
		F2535B961F6CEAE83F9AC1E5 /* Pods-FreshPlan.debug.xcconfig */ = {isa = PBXFileReference; includeInIndex = 1; lastKnownFileType = text.xcconfig; name = "Pods-FreshPlan.debug.xcconfig"; path = "Pods/Target Support Files/Pods-FreshPlan/Pods-FreshPlan.debug.xcconfig"; sourceTree = "<group>"; };
/* End PBXFileReference section */

/* Begin PBXFrameworksBuildPhase section */
		409A552E1F86B0D200EB29A4 /* Frameworks */ = {
			isa = PBXFrameworksBuildPhase;
			buildActionMask = 2147483647;
			files = (
				7BED1FB6487CD40A991B8614 /* Pods_FreshPlan.framework in Frameworks */,
			);
			runOnlyForDeploymentPostprocessing = 0;
		};
/* End PBXFrameworksBuildPhase section */

/* Begin PBXGroup section */
		0F3AB510D7DD34FCCFA2E3F4 /* Frameworks */ = {
			isa = PBXGroup;
			children = (
				66A7C6AA0E7580B232CBDCD6 /* Pods_FreshPlan.framework */,
			);
			name = Frameworks;
			sourceTree = "<group>";
		};
		400FC2141F897B5600B3098B /* Networking */ = {
			isa = PBXGroup;
			children = (
				400FC2151F897BA200B3098B /* FreshPlan.swift */,
			);
			path = Networking;
			sourceTree = "<group>";
		};
		40426D041F86B7E500875179 /* Sources */ = {
			isa = PBXGroup;
			children = (
				40426D061F86B7F200875179 /* Models */,
				40426D051F86B7EE00875179 /* Modules */,
				40426D0E1F86B8EC00875179 /* Protocols */,
				40426D111F86BBA500875179 /* Extensions */,
				400FC2141F897B5600B3098B /* Networking */,
				4079B1521FC47E71007E9407 /* Utility */,
			);
			path = Sources;
			sourceTree = "<group>";
		};
		40426D051F86B7EE00875179 /* Modules */ = {
			isa = PBXGroup;
			children = (
				4071F8F51FDB00E4001B77A1 /* Friend */,
				4056A4EA1FD4B6FE006415A7 /* AddFriend */,
				409B2BED1FBE6129000A7F16 /* Profile */,
				40BD700E1F910F41005B3B9D /* Meetup */,
				405C5A961F8D94CA00AC8F9F /* Home */,
				408D08351F8D280B006BCA8E /* Verify */,
				408D082C1F8D266C006BCA8E /* Register */,
				40426D071F86B84800875179 /* Login */,
			);
			path = Modules;
			sourceTree = "<group>";
		};
		40426D061F86B7F200875179 /* Models */ = {
			isa = PBXGroup;
			children = (
				40BE778F1F9ED2310011C899 /* ResponseError.swift */,
				40A311351F9EF503000FAFEB /* Token.swift */,
				409B2BF71FBE64F9000A7F16 /* User.swift */,
				409B2BF91FBE65AF000A7F16 /* Friend.swift */,
			);
			path = Models;
			sourceTree = "<group>";
		};
		40426D071F86B84800875179 /* Login */ = {
			isa = PBXGroup;
			children = (
				40426D081F86B85500875179 /* LoginViewController.swift */,
				40426D0A1F86B85E00875179 /* LoginViewModel.swift */,
				40426D0C1F86B86800875179 /* LoginAssembler.swift */,
				40426D191F86C12600875179 /* LoginRouter.swift */,
			);
			path = Login;
			sourceTree = "<group>";
		};
		40426D0E1F86B8EC00875179 /* Protocols */ = {
			isa = PBXGroup;
			children = (
				40426D141F86BC9C00875179 /* RouterProtocol.swift */,
			);
			path = Protocols;
			sourceTree = "<group>";
		};
		40426D111F86BBA500875179 /* Extensions */ = {
			isa = PBXGroup;
			children = (
				40497D1E1F8CF3A500A4E046 /* UIColor+.swift */,
				40C429011FC3D08C004579A6 /* JSONDecoder+.swift */,
				4079B1491FC47407007E9407 /* Token+.swift */,
				4079B14B1FC475E9007E9407 /* UITableView+.swift */,
				4079B14D1FC4763B007E9407 /* UILabel+.swift */,
				4003B3A81FE368C300BF682F /* MDCTextInputControllerDefault+.swift */,
				4003B3A61FE3625E00BF682F /* String+.swift */,
			);
			path = Extensions;
			sourceTree = "<group>";
		};
		4056A4EA1FD4B6FE006415A7 /* AddFriend */ = {
			isa = PBXGroup;
			children = (
				4056A4EB1FD4B70B006415A7 /* AddFriendViewController.swift */,
				4056A4ED1FD4B7FE006415A7 /* AddFriendViewModel.swift */,
				40BF713E1FDC73DC00495B81 /* AddFriendRouter.swift */,
				4056A4EF1FD4B988006415A7 /* AddFriendAssembler.swift */,
				4056A4F11FD4BDA6006415A7 /* Subviews */,
			);
			path = AddFriend;
			sourceTree = "<group>";
		};
		4056A4F11FD4BDA6006415A7 /* Subviews */ = {
			isa = PBXGroup;
			children = (
				4056A4F21FD4BDB4006415A7 /* EmptyView.swift */,
				4056A4F41FD4C2DD006415A7 /* SearchBar.swift */,
				40BF713C1FDC623200495B81 /* FriendCell.swift */,
			);
			path = Subviews;
			sourceTree = "<group>";
		};
		405C5A961F8D94CA00AC8F9F /* Home */ = {
			isa = PBXGroup;
			children = (
				405C5A971F8D94E700AC8F9F /* HomeViewController.swift */,
				405C5A991F8D94FA00AC8F9F /* HomeAssembler.swift */,
				405C5A9B1F8D950500AC8F9F /* HomeViewModel.swift */,
				405C5A9D1F8D953500AC8F9F /* HomeRouter.swift */,
			);
			path = Home;
			sourceTree = "<group>";
		};
		4071F8F51FDB00E4001B77A1 /* Friend */ = {
			isa = PBXGroup;
			children = (
				4071F8F61FDB00F3001B77A1 /* FriendViewController.swift */,
				4071F8F81FDB0143001B77A1 /* FriendViewModel.swift */,
				40BF71401FDC750400495B81 /* FriendAssembler.swift */,
				4071F94B1FDCA8B10061C34E /* Subviews */,
			);
			path = Friend;
			sourceTree = "<group>";
		};
		4071F94B1FDCA8B10061C34E /* Subviews */ = {
			isa = PBXGroup;
			children = (
				4071F94C1FDCAF430061C34E /* FriendProfileCell.swift */,
				4071F94E1FDCB14D0061C34E /* FriendInfoCell.swift */,
			);
			path = Subviews;
			sourceTree = "<group>";
		};
		4079B14F1FC4782C007E9407 /* Subviews */ = {
			isa = PBXGroup;
			children = (
				4079B1501FC4785F007E9407 /* ProfileUserHeaderCell.swift */,
				4079B1551FC49367007E9407 /* ProfileUserInfoCell.swift */,
				4055B0B91FD079FE007C5CCC /* ProfileUserHeaderView.swift */,
			);
			path = Subviews;
			sourceTree = "<group>";
		};
		4079B1521FC47E71007E9407 /* Utility */ = {
			isa = PBXGroup;
			children = (
				4079B1531FC47E86007E9407 /* CacheStore.swift */,
			);
			path = Utility;
			sourceTree = "<group>";
		};
		408D082C1F8D266C006BCA8E /* Register */ = {
			isa = PBXGroup;
			children = (
				408D082D1F8D267A006BCA8E /* RegisterViewController.swift */,
				408D08311F8D271F006BCA8E /* RegisterViewModel.swift */,
				408D08331F8D274A006BCA8E /* RegisterAssembler.swift */,
				408D082F1F8D2716006BCA8E /* RegisterRouter.swift */,
			);
			path = Register;
			sourceTree = "<group>";
		};
		408D08351F8D280B006BCA8E /* Verify */ = {
			isa = PBXGroup;
			children = (
				408D08361F8D2818006BCA8E /* VerifyViewController.swift */,
				408D08381F8D285E006BCA8E /* VerifyAssembler.swift */,
				408D083A1F8D2865006BCA8E /* VerifyRouter.swift */,
				408D083C1F8D286D006BCA8E /* VerifyViewModel.swift */,
			);
			path = Verify;
			sourceTree = "<group>";
		};
		409A55281F86B0D200EB29A4 = {
			isa = PBXGroup;
			children = (
				409A55331F86B0D200EB29A4 /* FreshPlan */,
				409A55321F86B0D200EB29A4 /* Products */,
				63B037B023A8BC3303DFC20E /* Pods */,
				0F3AB510D7DD34FCCFA2E3F4 /* Frameworks */,
			);
			sourceTree = "<group>";
		};
		409A55321F86B0D200EB29A4 /* Products */ = {
			isa = PBXGroup;
			children = (
				409A55311F86B0D200EB29A4 /* FreshPlan.app */,
			);
			name = Products;
			sourceTree = "<group>";
		};
		409A55331F86B0D200EB29A4 /* FreshPlan */ = {
			isa = PBXGroup;
			children = (
				409A55341F86B0D200EB29A4 /* AppDelegate.swift */,
				409A553D1F86B0D200EB29A4 /* LaunchScreen.storyboard */,
				40426D041F86B7E500875179 /* Sources */,
				409B2BF61FBE63DF000A7F16 /* Resources */,
			);
			path = FreshPlan;
			sourceTree = "<group>";
		};
		409B2BED1FBE6129000A7F16 /* Profile */ = {
			isa = PBXGroup;
			children = (
				409B2BEE1FBE6192000A7F16 /* ProfileViewController.swift */,
				409B2BF01FBE619B000A7F16 /* ProfileViewModel.swift */,
				409B2BF21FBE61F5000A7F16 /* ProfileRouter.swift */,
				409B2BF41FBE6234000A7F16 /* ProfileAssembler.swift */,
				4079B14F1FC4782C007E9407 /* Subviews */,
			);
			path = Profile;
			sourceTree = "<group>";
		};
		409B2BF61FBE63DF000A7F16 /* Resources */ = {
			isa = PBXGroup;
			children = (
				409A553B1F86B0D200EB29A4 /* Assets.xcassets */,
				409A55401F86B0D200EB29A4 /* Info.plist */,
			);
			path = Resources;
			sourceTree = "<group>";
		};
		40BD700E1F910F41005B3B9D /* Meetup */ = {
			isa = PBXGroup;
			children = (
				40BD700F1F910F53005B3B9D /* MeetupController.swift */,
				40BD70111F910FD6005B3B9D /* MeetupViewModel.swift */,
				40BD70131F910FFA005B3B9D /* MeetupRouter.swift */,
				40BD70151F911022005B3B9D /* MeetupAssembler.swift */,
			);
			path = Meetup;
			sourceTree = "<group>";
		};
		63B037B023A8BC3303DFC20E /* Pods */ = {
			isa = PBXGroup;
			children = (
				F2535B961F6CEAE83F9AC1E5 /* Pods-FreshPlan.debug.xcconfig */,
				961AF7C9502FB2E5362945B5 /* Pods-FreshPlan.release.xcconfig */,
			);
			name = Pods;
			sourceTree = "<group>";
		};
/* End PBXGroup section */

/* Begin PBXNativeTarget section */
		409A55301F86B0D200EB29A4 /* FreshPlan */ = {
			isa = PBXNativeTarget;
			buildConfigurationList = 409A55591F86B0D200EB29A4 /* Build configuration list for PBXNativeTarget "FreshPlan" */;
			buildPhases = (
				D1AF3BF1C28A3CC76CA2EAD6 /* [CP] Check Pods Manifest.lock */,
				409A552D1F86B0D200EB29A4 /* Sources */,
				409A552E1F86B0D200EB29A4 /* Frameworks */,
				409A552F1F86B0D200EB29A4 /* Resources */,
				A8A041D2EFD4CDED71963FEE /* [CP] Embed Pods Frameworks */,
				156DDCC05B4822F68A119370 /* [CP] Copy Pods Resources */,
				40AD78C91FDDDAD30056EEEB /* Fabric */,
			);
			buildRules = (
			);
			dependencies = (
			);
			name = FreshPlan;
			productName = FreshPlan;
			productReference = 409A55311F86B0D200EB29A4 /* FreshPlan.app */;
			productType = "com.apple.product-type.application";
		};
/* End PBXNativeTarget section */

/* Begin PBXProject section */
		409A55291F86B0D200EB29A4 /* Project object */ = {
			isa = PBXProject;
			attributes = {
				LastSwiftUpdateCheck = 0900;
				LastUpgradeCheck = 0900;
				ORGANIZATIONNAME = "St Clair College";
				TargetAttributes = {
					409A55301F86B0D200EB29A4 = {
						CreatedOnToolsVersion = 9.0;
						ProvisioningStyle = Manual;
						SystemCapabilities = {
							com.apple.GameCenter = {
								enabled = 0;
							};
						};
					};
				};
			};
			buildConfigurationList = 409A552C1F86B0D200EB29A4 /* Build configuration list for PBXProject "FreshPlan" */;
			compatibilityVersion = "Xcode 8.0";
			developmentRegion = en;
			hasScannedForEncodings = 0;
			knownRegions = (
				en,
				Base,
			);
			mainGroup = 409A55281F86B0D200EB29A4;
			productRefGroup = 409A55321F86B0D200EB29A4 /* Products */;
			projectDirPath = "";
			projectRoot = "";
			targets = (
				409A55301F86B0D200EB29A4 /* FreshPlan */,
			);
		};
/* End PBXProject section */

/* Begin PBXResourcesBuildPhase section */
		409A552F1F86B0D200EB29A4 /* Resources */ = {
			isa = PBXResourcesBuildPhase;
			buildActionMask = 2147483647;
			files = (
				409A553F1F86B0D200EB29A4 /* LaunchScreen.storyboard in Resources */,
				409A553C1F86B0D200EB29A4 /* Assets.xcassets in Resources */,
			);
			runOnlyForDeploymentPostprocessing = 0;
		};
/* End PBXResourcesBuildPhase section */

/* Begin PBXShellScriptBuildPhase section */
		156DDCC05B4822F68A119370 /* [CP] Copy Pods Resources */ = {
			isa = PBXShellScriptBuildPhase;
			buildActionMask = 2147483647;
			files = (
			);
			inputPaths = (
			);
			name = "[CP] Copy Pods Resources";
			outputPaths = (
			);
			runOnlyForDeploymentPostprocessing = 0;
			shellPath = /bin/sh;
			shellScript = "\"${SRCROOT}/Pods/Target Support Files/Pods-FreshPlan/Pods-FreshPlan-resources.sh\"\n";
			showEnvVarsInLog = 0;
		};
		40AD78C91FDDDAD30056EEEB /* Fabric */ = {
			isa = PBXShellScriptBuildPhase;
			buildActionMask = 2147483647;
			files = (
			);
			inputPaths = (
			);
			name = Fabric;
			outputPaths = (
			);
			runOnlyForDeploymentPostprocessing = 0;
			shellPath = /bin/sh;
			shellScript = "\"${PODS_ROOT}/Fabric/run\" d220679d33f35aa69a60746c90a8cb2cce0109e7 58abe0509fc5f9d2a482aa72416bc3bf98563f324ff08c7012b79931dae22e71";
		};
		A8A041D2EFD4CDED71963FEE /* [CP] Embed Pods Frameworks */ = {
			isa = PBXShellScriptBuildPhase;
			buildActionMask = 2147483647;
			files = (
			);
			inputPaths = (
				"${SRCROOT}/Pods/Target Support Files/Pods-FreshPlan/Pods-FreshPlan-frameworks.sh",
				"${BUILT_PRODUCTS_DIR}/Alamofire/Alamofire.framework",
				"${BUILT_PRODUCTS_DIR}/Differentiator/Differentiator.framework",
				"${BUILT_PRODUCTS_DIR}/JWTDecode/JWTDecode.framework",
				"${BUILT_PRODUCTS_DIR}/MDFInternationalization/MDFInternationalization.framework",
				"${BUILT_PRODUCTS_DIR}/MDFTextAccessibility/MDFTextAccessibility.framework",
				"${BUILT_PRODUCTS_DIR}/MaterialComponents/MaterialComponents.framework",
				"${BUILT_PRODUCTS_DIR}/MotionAnimator/MotionAnimator.framework",
				"${BUILT_PRODUCTS_DIR}/MotionInterchange/MotionInterchange.framework",
				"${BUILT_PRODUCTS_DIR}/MotionTransitioning/MotionTransitioning.framework",
				"${BUILT_PRODUCTS_DIR}/Moya/Moya.framework",
				"${BUILT_PRODUCTS_DIR}/Result/Result.framework",
				"${BUILT_PRODUCTS_DIR}/RxCocoa/RxCocoa.framework",
				"${BUILT_PRODUCTS_DIR}/RxDataSources/RxDataSources.framework",
				"${BUILT_PRODUCTS_DIR}/RxGesture/RxGesture.framework",
				"${BUILT_PRODUCTS_DIR}/RxOptional/RxOptional.framework",
				"${BUILT_PRODUCTS_DIR}/RxSwift/RxSwift.framework",
				"${BUILT_PRODUCTS_DIR}/SnapKit/SnapKit.framework",
			);
			name = "[CP] Embed Pods Frameworks";
			outputPaths = (
				"${TARGET_BUILD_DIR}/${FRAMEWORKS_FOLDER_PATH}/Alamofire.framework",
				"${TARGET_BUILD_DIR}/${FRAMEWORKS_FOLDER_PATH}/Differentiator.framework",
				"${TARGET_BUILD_DIR}/${FRAMEWORKS_FOLDER_PATH}/JWTDecode.framework",
				"${TARGET_BUILD_DIR}/${FRAMEWORKS_FOLDER_PATH}/MDFInternationalization.framework",
				"${TARGET_BUILD_DIR}/${FRAMEWORKS_FOLDER_PATH}/MDFTextAccessibility.framework",
				"${TARGET_BUILD_DIR}/${FRAMEWORKS_FOLDER_PATH}/MaterialComponents.framework",
				"${TARGET_BUILD_DIR}/${FRAMEWORKS_FOLDER_PATH}/MotionAnimator.framework",
				"${TARGET_BUILD_DIR}/${FRAMEWORKS_FOLDER_PATH}/MotionInterchange.framework",
				"${TARGET_BUILD_DIR}/${FRAMEWORKS_FOLDER_PATH}/MotionTransitioning.framework",
				"${TARGET_BUILD_DIR}/${FRAMEWORKS_FOLDER_PATH}/Moya.framework",
				"${TARGET_BUILD_DIR}/${FRAMEWORKS_FOLDER_PATH}/Result.framework",
				"${TARGET_BUILD_DIR}/${FRAMEWORKS_FOLDER_PATH}/RxCocoa.framework",
				"${TARGET_BUILD_DIR}/${FRAMEWORKS_FOLDER_PATH}/RxDataSources.framework",
				"${TARGET_BUILD_DIR}/${FRAMEWORKS_FOLDER_PATH}/RxGesture.framework",
				"${TARGET_BUILD_DIR}/${FRAMEWORKS_FOLDER_PATH}/RxOptional.framework",
				"${TARGET_BUILD_DIR}/${FRAMEWORKS_FOLDER_PATH}/RxSwift.framework",
				"${TARGET_BUILD_DIR}/${FRAMEWORKS_FOLDER_PATH}/SnapKit.framework",
			);
			runOnlyForDeploymentPostprocessing = 0;
			shellPath = /bin/sh;
			shellScript = "\"${SRCROOT}/Pods/Target Support Files/Pods-FreshPlan/Pods-FreshPlan-frameworks.sh\"\n";
			showEnvVarsInLog = 0;
		};
		D1AF3BF1C28A3CC76CA2EAD6 /* [CP] Check Pods Manifest.lock */ = {
			isa = PBXShellScriptBuildPhase;
			buildActionMask = 2147483647;
			files = (
			);
			inputPaths = (
				"${PODS_PODFILE_DIR_PATH}/Podfile.lock",
				"${PODS_ROOT}/Manifest.lock",
			);
			name = "[CP] Check Pods Manifest.lock";
			outputPaths = (
				"$(DERIVED_FILE_DIR)/Pods-FreshPlan-checkManifestLockResult.txt",
			);
			runOnlyForDeploymentPostprocessing = 0;
			shellPath = /bin/sh;
			shellScript = "diff \"${PODS_PODFILE_DIR_PATH}/Podfile.lock\" \"${PODS_ROOT}/Manifest.lock\" > /dev/null\nif [ $? != 0 ] ; then\n    # print error to STDERR\n    echo \"error: The sandbox is not in sync with the Podfile.lock. Run 'pod install' or update your CocoaPods installation.\" >&2\n    exit 1\nfi\n# This output is used by Xcode 'outputs' to avoid re-running this script phase.\necho \"SUCCESS\" > \"${SCRIPT_OUTPUT_FILE_0}\"\n";
			showEnvVarsInLog = 0;
		};
/* End PBXShellScriptBuildPhase section */

/* Begin PBXSourcesBuildPhase section */
		409A552D1F86B0D200EB29A4 /* Sources */ = {
			isa = PBXSourcesBuildPhase;
			buildActionMask = 2147483647;
			files = (
				405C5A9A1F8D94FA00AC8F9F /* HomeAssembler.swift in Sources */,
				4056A4F31FD4BDB4006415A7 /* EmptyView.swift in Sources */,
				408D082E1F8D267A006BCA8E /* RegisterViewController.swift in Sources */,
				40BD70121F910FD6005B3B9D /* MeetupViewModel.swift in Sources */,
				4079B14C1FC475E9007E9407 /* UITableView+.swift in Sources */,
				405C5A981F8D94E700AC8F9F /* HomeViewController.swift in Sources */,
				409B2BF81FBE64F9000A7F16 /* User.swift in Sources */,
				40BF713D1FDC623200495B81 /* FriendCell.swift in Sources */,
				40426D151F86BC9C00875179 /* RouterProtocol.swift in Sources */,
				40BD70141F910FFA005B3B9D /* MeetupRouter.swift in Sources */,
				4071F94D1FDCAF430061C34E /* FriendProfileCell.swift in Sources */,
				40BF713F1FDC73DC00495B81 /* AddFriendRouter.swift in Sources */,
				409B2BF11FBE619B000A7F16 /* ProfileViewModel.swift in Sources */,
				409B2BEF1FBE6192000A7F16 /* ProfileViewController.swift in Sources */,
				408D08391F8D285E006BCA8E /* VerifyAssembler.swift in Sources */,
				4071F94F1FDCB14D0061C34E /* FriendInfoCell.swift in Sources */,
				408D08371F8D2818006BCA8E /* VerifyViewController.swift in Sources */,
				4056A4F01FD4B988006415A7 /* AddFriendAssembler.swift in Sources */,
				40426D091F86B85500875179 /* LoginViewController.swift in Sources */,
				408D083B1F8D2865006BCA8E /* VerifyRouter.swift in Sources */,
				4079B1511FC4785F007E9407 /* ProfileUserHeaderCell.swift in Sources */,
				4003B3A71FE3625E00BF682F /* String+.swift in Sources */,
				4056A4EE1FD4B7FE006415A7 /* AddFriendViewModel.swift in Sources */,
				408D083D1F8D286D006BCA8E /* VerifyViewModel.swift in Sources */,
				4003B3A91FE368C300BF682F /* MDCTextInputControllerDefault+.swift in Sources */,
				4071F8F91FDB0143001B77A1 /* FriendViewModel.swift in Sources */,
				4079B1561FC49367007E9407 /* ProfileUserInfoCell.swift in Sources */,
				40BF71411FDC750400495B81 /* FriendAssembler.swift in Sources */,
				40A311361F9EF503000FAFEB /* Token.swift in Sources */,
				409B2BF51FBE6234000A7F16 /* ProfileAssembler.swift in Sources */,
				400FC2161F897BA200B3098B /* FreshPlan.swift in Sources */,
				4079B14E1FC4763B007E9407 /* UILabel+.swift in Sources */,
				4071F8F71FDB00F3001B77A1 /* FriendViewController.swift in Sources */,
				408D08301F8D2716006BCA8E /* RegisterRouter.swift in Sources */,
				409A55351F86B0D200EB29A4 /* AppDelegate.swift in Sources */,
				4055B0BA1FD079FE007C5CCC /* ProfileUserHeaderView.swift in Sources */,
				408D08321F8D271F006BCA8E /* RegisterViewModel.swift in Sources */,
				40426D1A1F86C12600875179 /* LoginRouter.swift in Sources */,
				40BD70161F911022005B3B9D /* MeetupAssembler.swift in Sources */,
				405C5A9C1F8D950500AC8F9F /* HomeViewModel.swift in Sources */,
				40426D0D1F86B86800875179 /* LoginAssembler.swift in Sources */,
				409B2BF31FBE61F5000A7F16 /* ProfileRouter.swift in Sources */,
				40426D0B1F86B85E00875179 /* LoginViewModel.swift in Sources */,
				40497D1F1F8CF3A500A4E046 /* UIColor+.swift in Sources */,
				408D08341F8D274A006BCA8E /* RegisterAssembler.swift in Sources */,
				40BE77901F9ED2310011C899 /* ResponseError.swift in Sources */,
				4079B14A1FC47407007E9407 /* Token+.swift in Sources */,
				4056A4F51FD4C2DD006415A7 /* SearchBar.swift in Sources */,
				4056A4EC1FD4B70B006415A7 /* AddFriendViewController.swift in Sources */,
				405C5A9E1F8D953500AC8F9F /* HomeRouter.swift in Sources */,
				4079B1541FC47E86007E9407 /* CacheStore.swift in Sources */,
				40BD70101F910F53005B3B9D /* MeetupController.swift in Sources */,
				409B2BFA1FBE65AF000A7F16 /* Friend.swift in Sources */,
				40C429021FC3D08C004579A6 /* JSONDecoder+.swift in Sources */,
			);
			runOnlyForDeploymentPostprocessing = 0;
		};
/* End PBXSourcesBuildPhase section */

/* Begin PBXVariantGroup section */
		409A553D1F86B0D200EB29A4 /* LaunchScreen.storyboard */ = {
			isa = PBXVariantGroup;
			children = (
				409A553E1F86B0D200EB29A4 /* Base */,
			);
			name = LaunchScreen.storyboard;
			sourceTree = "<group>";
		};
/* End PBXVariantGroup section */

/* Begin XCBuildConfiguration section */
		409A55571F86B0D200EB29A4 /* Debug */ = {
			isa = XCBuildConfiguration;
			buildSettings = {
				ALWAYS_SEARCH_USER_PATHS = NO;
				CLANG_ANALYZER_NONNULL = YES;
				CLANG_ANALYZER_NUMBER_OBJECT_CONVERSION = YES_AGGRESSIVE;
				CLANG_CXX_LANGUAGE_STANDARD = "gnu++14";
				CLANG_CXX_LIBRARY = "libc++";
				CLANG_ENABLE_MODULES = YES;
				CLANG_ENABLE_OBJC_ARC = YES;
				CLANG_WARN_BLOCK_CAPTURE_AUTORELEASING = YES;
				CLANG_WARN_BOOL_CONVERSION = YES;
				CLANG_WARN_COMMA = YES;
				CLANG_WARN_CONSTANT_CONVERSION = YES;
				CLANG_WARN_DIRECT_OBJC_ISA_USAGE = YES_ERROR;
				CLANG_WARN_DOCUMENTATION_COMMENTS = YES;
				CLANG_WARN_EMPTY_BODY = YES;
				CLANG_WARN_ENUM_CONVERSION = YES;
				CLANG_WARN_INFINITE_RECURSION = YES;
				CLANG_WARN_INT_CONVERSION = YES;
				CLANG_WARN_NON_LITERAL_NULL_CONVERSION = YES;
				CLANG_WARN_OBJC_LITERAL_CONVERSION = YES;
				CLANG_WARN_OBJC_ROOT_CLASS = YES_ERROR;
				CLANG_WARN_RANGE_LOOP_ANALYSIS = YES;
				CLANG_WARN_STRICT_PROTOTYPES = YES;
				CLANG_WARN_SUSPICIOUS_MOVE = YES;
				CLANG_WARN_UNGUARDED_AVAILABILITY = YES_AGGRESSIVE;
				CLANG_WARN_UNREACHABLE_CODE = YES;
				CLANG_WARN__DUPLICATE_METHOD_MATCH = YES;
				CODE_SIGN_IDENTITY = "iPhone Developer";
				COPY_PHASE_STRIP = NO;
				DEBUG_INFORMATION_FORMAT = dwarf;
				ENABLE_STRICT_OBJC_MSGSEND = YES;
				ENABLE_TESTABILITY = YES;
				GCC_C_LANGUAGE_STANDARD = gnu11;
				GCC_DYNAMIC_NO_PIC = NO;
				GCC_NO_COMMON_BLOCKS = YES;
				GCC_OPTIMIZATION_LEVEL = 0;
				GCC_PREPROCESSOR_DEFINITIONS = (
					"DEBUG=1",
					"$(inherited)",
				);
				GCC_WARN_64_TO_32_BIT_CONVERSION = YES;
				GCC_WARN_ABOUT_RETURN_TYPE = YES_ERROR;
				GCC_WARN_UNDECLARED_SELECTOR = YES;
				GCC_WARN_UNINITIALIZED_AUTOS = YES_AGGRESSIVE;
				GCC_WARN_UNUSED_FUNCTION = YES;
				GCC_WARN_UNUSED_VARIABLE = YES;
				IPHONEOS_DEPLOYMENT_TARGET = 10.3;
				MTL_ENABLE_DEBUG_INFO = YES;
				ONLY_ACTIVE_ARCH = YES;
				SDKROOT = iphoneos;
				SWIFT_ACTIVE_COMPILATION_CONDITIONS = DEBUG;
				SWIFT_OPTIMIZATION_LEVEL = "-Onone";
				SWIFT_VERSION = 4.0;
			};
			name = Debug;
		};
		409A55581F86B0D200EB29A4 /* Release */ = {
			isa = XCBuildConfiguration;
			buildSettings = {
				ALWAYS_SEARCH_USER_PATHS = NO;
				CLANG_ANALYZER_NONNULL = YES;
				CLANG_ANALYZER_NUMBER_OBJECT_CONVERSION = YES_AGGRESSIVE;
				CLANG_CXX_LANGUAGE_STANDARD = "gnu++14";
				CLANG_CXX_LIBRARY = "libc++";
				CLANG_ENABLE_MODULES = YES;
				CLANG_ENABLE_OBJC_ARC = YES;
				CLANG_WARN_BLOCK_CAPTURE_AUTORELEASING = YES;
				CLANG_WARN_BOOL_CONVERSION = YES;
				CLANG_WARN_COMMA = YES;
				CLANG_WARN_CONSTANT_CONVERSION = YES;
				CLANG_WARN_DIRECT_OBJC_ISA_USAGE = YES_ERROR;
				CLANG_WARN_DOCUMENTATION_COMMENTS = YES;
				CLANG_WARN_EMPTY_BODY = YES;
				CLANG_WARN_ENUM_CONVERSION = YES;
				CLANG_WARN_INFINITE_RECURSION = YES;
				CLANG_WARN_INT_CONVERSION = YES;
				CLANG_WARN_NON_LITERAL_NULL_CONVERSION = YES;
				CLANG_WARN_OBJC_LITERAL_CONVERSION = YES;
				CLANG_WARN_OBJC_ROOT_CLASS = YES_ERROR;
				CLANG_WARN_RANGE_LOOP_ANALYSIS = YES;
				CLANG_WARN_STRICT_PROTOTYPES = YES;
				CLANG_WARN_SUSPICIOUS_MOVE = YES;
				CLANG_WARN_UNGUARDED_AVAILABILITY = YES_AGGRESSIVE;
				CLANG_WARN_UNREACHABLE_CODE = YES;
				CLANG_WARN__DUPLICATE_METHOD_MATCH = YES;
				CODE_SIGN_IDENTITY = "iPhone Developer";
				COPY_PHASE_STRIP = NO;
				DEBUG_INFORMATION_FORMAT = "dwarf-with-dsym";
				ENABLE_NS_ASSERTIONS = NO;
				ENABLE_STRICT_OBJC_MSGSEND = YES;
				GCC_C_LANGUAGE_STANDARD = gnu11;
				GCC_NO_COMMON_BLOCKS = YES;
				GCC_WARN_64_TO_32_BIT_CONVERSION = YES;
				GCC_WARN_ABOUT_RETURN_TYPE = YES_ERROR;
				GCC_WARN_UNDECLARED_SELECTOR = YES;
				GCC_WARN_UNINITIALIZED_AUTOS = YES_AGGRESSIVE;
				GCC_WARN_UNUSED_FUNCTION = YES;
				GCC_WARN_UNUSED_VARIABLE = YES;
				IPHONEOS_DEPLOYMENT_TARGET = 10.3;
				MTL_ENABLE_DEBUG_INFO = NO;
				SDKROOT = iphoneos;
				SWIFT_OPTIMIZATION_LEVEL = "-Owholemodule";
				SWIFT_VERSION = 4.0;
				VALIDATE_PRODUCT = YES;
			};
			name = Release;
		};
		409A555A1F86B0D200EB29A4 /* Debug */ = {
			isa = XCBuildConfiguration;
			baseConfigurationReference = F2535B961F6CEAE83F9AC1E5 /* Pods-FreshPlan.debug.xcconfig */;
			buildSettings = {
				ASSETCATALOG_COMPILER_APPICON_NAME = AppIcon;
				CODE_SIGN_IDENTITY = "iPhone Developer";
				"CODE_SIGN_IDENTITY[sdk=iphoneos*]" = "iPhone Developer";
				CODE_SIGN_STYLE = Manual;
				CURRENT_PROJECT_VERSION = 4;
				DEVELOPMENT_TEAM = 35PYRYEWH9;
				ENABLE_BITCODE = YES;
				INFOPLIST_FILE = FreshPlan/Resources/Info.plist;
				LD_RUNPATH_SEARCH_PATHS = "$(inherited) @executable_path/Frameworks";
				PRODUCT_BUNDLE_IDENTIFIER = net.fractalpoint.freshplan;
				PRODUCT_NAME = "$(TARGET_NAME)";
				PROVISIONING_PROFILE = "f5b9d44d-8d4d-4a5e-870d-0dc963db2d9f";
				PROVISIONING_PROFILE_SPECIFIER = "match Development net.fractalpoint.freshplan";
				SWIFT_VERSION = 4.0;
				TARGETED_DEVICE_FAMILY = "1,2";
				VERSIONING_SYSTEM = "apple-generic";
			};
			name = Debug;
		};
		409A555B1F86B0D200EB29A4 /* Release */ = {
			isa = XCBuildConfiguration;
			baseConfigurationReference = 961AF7C9502FB2E5362945B5 /* Pods-FreshPlan.release.xcconfig */;
			buildSettings = {
				ASSETCATALOG_COMPILER_APPICON_NAME = AppIcon;
				CODE_SIGN_IDENTITY = "iPhone Distribution";
				"CODE_SIGN_IDENTITY[sdk=iphoneos*]" = "iPhone Distribution";
				CODE_SIGN_STYLE = Manual;
				CURRENT_PROJECT_VERSION = 4;
				DEVELOPMENT_TEAM = 35PYRYEWH9;
				ENABLE_BITCODE = YES;
				INFOPLIST_FILE = FreshPlan/Resources/Info.plist;
				LD_RUNPATH_SEARCH_PATHS = "$(inherited) @executable_path/Frameworks";
				ONLY_ACTIVE_ARCH = NO;
				PRODUCT_BUNDLE_IDENTIFIER = net.fractalpoint.freshplan;
				PRODUCT_NAME = "$(TARGET_NAME)";
				PROVISIONING_PROFILE = "5282444f-e9b5-4b9f-bc0a-f89996be4d98";
				PROVISIONING_PROFILE_SPECIFIER = "match AppStore net.fractalpoint.freshplan";
				SWIFT_OPTIMIZATION_LEVEL = "-O";
				SWIFT_VERSION = 4.0;
				TARGETED_DEVICE_FAMILY = "1,2";
				VERSIONING_SYSTEM = "apple-generic";
			};
			name = Release;
		};
/* End XCBuildConfiguration section */

/* Begin XCConfigurationList section */
		409A552C1F86B0D200EB29A4 /* Build configuration list for PBXProject "FreshPlan" */ = {
			isa = XCConfigurationList;
			buildConfigurations = (
				409A55571F86B0D200EB29A4 /* Debug */,
				409A55581F86B0D200EB29A4 /* Release */,
			);
			defaultConfigurationIsVisible = 0;
			defaultConfigurationName = Release;
		};
		409A55591F86B0D200EB29A4 /* Build configuration list for PBXNativeTarget "FreshPlan" */ = {
			isa = XCConfigurationList;
			buildConfigurations = (
				409A555A1F86B0D200EB29A4 /* Debug */,
				409A555B1F86B0D200EB29A4 /* Release */,
			);
			defaultConfigurationIsVisible = 0;
			defaultConfigurationName = Release;
		};
/* End XCConfigurationList section */
	};
	rootObject = 409A55291F86B0D200EB29A4 /* Project object */;
}
